{
  "name": "world-cup-live-fan-dashboard",
  "version": "0.0.0",
  "lockfileVersion": 3,
  "requires": true,
  "packages": {
    "": {
      "name": "world-cup-live-fan-dashboard",
      "version": "0.0.0",
      "dependencies": {
        "react": "^18.3.1",
        "react-dom": "^18.3.1"
      },
      "devDependencies": {
        "@vitejs/plugin-react": "^4.3.1",
        "vite": "^5.4.10"
      }
    },
    "node_modules/@babel/core": {
      "version": "7.28.5",
      "resolved": "https://registry.npmjs.org/@babel/core/-/core-7.28.5.tgz",
      "integrity": "sha512-o8lxyy3C/d7Z9S2JdWkNBWDqM4noBhzp5tBTMhSQX4a0EV9ZJiV+zxBhMZi9Xp6u3u6wwAZD39mPxWCX0X36w==",
      "dev": true,
      "license": "MIT",
      "dependencies": {
        "@ampproject/remapping": "^2.2.0",
        "@babel/code-frame": "^7.28.5",
        "@babel/generator": "^7.28.5",
        "@babel/helper-compilation-targets": "^7.28.5",
        "@babel/helper-module-transforms": "^7.28.5",
        "@babel/helpers": "^7.28.5",
        "@babel/parser": "^7.28.5",
        "@babel/template": "^7.28.5",
        "@babel/traverse": "^7.28.5",
        "@babel/types": "^7.28.5",
        "convert-source-map": "^2.0.0",
        "debug": "^4.1.0",
        "gensync": "^1.0.0-beta.2",
        "json5": "^2.2.3",
        "semver": "^6.3.1"
      },
      "engines": {
        "node": ">=6.9.0"
      },
      "funding": {
        "type": "opencollective",
        "url": "https://opencollective.com/babel"
      }
    },
    "node_modules/@babel/code-frame": {
      "version": "7.28.5",
      "resolved": "https://registry.npmjs.org/@babel/code-frame/-/code-frame-7.28.5.tgz",
      "integrity": "sha512-0YpKHcNOM4r65xf7/ZCXfKEyoDj/RcSqMzW7NkAFkQnereQMklxNQaxwLK+MEe+KYxRH7KKeea6YYB9+0A7XSw==",
      "dev": true,
      "license": "MIT",
      "dependencies": {
        "@babel/highlight": "^7.28.5",
        "chalk": "^2.4.2"
      },
      "engines": {
        "node": ">=6.9.0"
      }
    },
    "node_modules/@babel/generator": {
      "version": "7.28.5",
      "resolved": "https://registry.npmjs.org/@babel/generator/-/generator-7.28.5.tgz",
      "integrity": "sha512-I0I3vlnKq8A2yljmjFZmV5zucJ1KcxYCNt8bBG5p9wQJOCyFxO7x/A1e85/j8BnGC6X+0gVEEEpxe3nC8Z5tA==",
      "dev": true,
      "license": "MIT",
      "dependencies": {
        "@babel/types": "^7.28.5",
        "@jridgewell/gen-mapping": "^0.3.5",
        "jsesc": "^2.5.1"
      },
      "engines": {
        "node": ">=6.9.0"
      }
    },
    "node_modules/@babel/helper-compilation-targets": {
      "version": "7.28.5",
      "resolved": "https://registry.npmjs.org/@babel/helper-compilation-targets/-/helper-compilation-targets-7.28.5.tgz",
      "integrity": "sha512-FjzIvlIcz2W8A8Va8q5Z0DVsktbv4Rq78teVaSIrr7RxYNcGx8TiwKV0zyQO4oLYy2ZBUcxV30OmB0CiHNFdKA==",
      "dev": true,
      "license": "MIT",
      "dependencies": {
        "@babel/compat-data": "^7.28.5",
        "@babel/helper-validator-option": "^7.28.5",
        "browserslist": "^4.22.2",
        "lru-cache": "^5.1.1",
        "semver": "^6.3.1"
      },
      "engines": {
        "node": ">=6.9.0"
      },
      "peerDependencies": {
        "@babel/core": "^7.0.0"
      }
    },
    "node_modules/@babel/helper-module-transforms": {
      "version": "7.28.5",
      "resolved": "https://registry.npmjs.org/@babel/helper-module-transforms/-/helper-module-transforms-7.28.5.tgz",
      "integrity": "sha512-fPq2otKkKfacJzJpKv2dMPDFVLBfAQfpVjKiuTxZGNmrTa3bh2bx8dCJ+UlMSrK22CnR4HKXlG2tZbZhSmLzSA==",
      "dev": true,
      "license": "MIT",
      "dependencies": {
        "@babel/helper-environment-visitor": "^7.28.5",
        "@babel/helper-module-imports": "^7.28.5",
        "@babel/helper-simple-access": "^7.28.5",
        "@babel/helper-split-export-declaration": "^7.28.5",
        "@babel/helper-validator-identifier": "^7.28.5",
        "@babel/template": "^7.28.5",
        "@babel/traverse": "^7.28.5",
        "@babel/types": "^7.28.5"
      },
      "engines": {
        "node": ">=6.9.0"
      },
      "peerDependencies": {
        "@babel/core": "^7.0.0"
      }
    },
    "node_modules/@babel/helpers": {
      "version": "7.28.5",
      "resolved": "https://registry.npmjs.org/@babel/helpers/-/helpers-7.28.5.tgz",
      "integrity": "sha512-j8lJPrJ3oTrZA5t2VOLRqPyLSLmJc2MvTEVMqhGm/sxaVnqVxJq4/xN+gxE2X+nQWqh7xHmzpvVniqvqMRq2RA==",
      "dev": true,
      "license": "MIT",
      "dependencies": {
        "@babel/template": "^7.28.5",
        "@babel/traverse": "^7.28.5",
        "@babel/types": "^7.28.5"
      },
      "engines": {
        "node": ">=6.9.0"
      }
    },
    "node_modules/@babel/highlight": {
      "version": "7.28.5",
      "resolved": "https://registry.npmjs.org/@babel/highlight/-/highlight-7.28.5.tgz",
      "integrity": "sha512-fXB+WWzu7o8V7D89NpnjvG+svkn7UL/cYuD7LrKn0rK4DlJjUdYi9DmD1XzrLfwx/hxH7kruf1pwTc8RPxPL7A==",
      "dev": true,
      "license": "MIT",
      "dependencies": {
        "@babel/helper-validator-identifier": "^7.28.5",
        "chalk": "^2.4.2",
        "js-tokens": "^4.0.0"
      },
      "engines": {
        "node": ">=6.9.0"
      }
    },
    "node_modules/@babel/parser": {
      "version": "7.28.5",
      "resolved": "https://registry.npmjs.org/@babel/parser/-/parser-7.28.5.tgz",
      "integrity": "sha512-39qvnpErbAqV4vU8HQmx6AjJ/dP+m3RwJT0lU4nFLYFXB3WjAhP7cJYJ9pqQ1BhxsR1L1R2uwG6BmXLtEp6OfA==",
      "dev": true,
      "license": "MIT",
      "bin": {
        "parser": "bin/babel-parser.js"
      },
      "engines": {
        "node": ">=6.0.0"
      }
    },
    "node_modules/@babel/template": {
      "version": "7.28.5",
      "resolved": "https://registry.npmjs.org/@babel/template/-/template-7.28.5.tgz",
      "integrity": "sha512-Cs2Xr97i8w0QpLW5gVXsKRPhcA8EH41PE5/BuSz9SM91Pzruqd/dKyv+mCsTMXc+skUtMK東7MUUVqQkobIcw==",
      "dev": true,
      "license": "MIT",
      "dependencies": {
        "@babel/code-frame": "^7.28.5",
        "@babel/parser": "^7.28.5",
        "@babel/types": "^7.28.5"
      },
      "engines": {
        "node": ">=6.9.0"
      }
    },
    "node_modules/@babel/traverse": {
      "version": "7.28.5",
      "resolved": "https://registry.npmjs.org/@babel/traverse/-/traverse-7.28.5.tgz",
      "integrity": "sha512-OMv/p1fDr2B6Y/z02RXbfHCoNE8F8M0r0B9LcKhDMvQKBgZLKWV3wZ7nJzT+swVg6K+hUe9xl4Ie1FGVIJXnw==",
      "dev": true,
      "license": "MIT",
      "dependencies": {
        "@babel/code-frame": "^7.28.5",
        "@babel/generator": "^7.28.5",
        "@babel/helper-environment-visitor": "^7.28.5",
        "@babel/helper-function-name": "^7.28.5",
        "@babel/helper-hoist-variables": "^7.28.5",
        "@babel/helper-split-export-declaration": "^7.28.5",
        "@babel/parser": "^7.28.5",
        "@babel/types": "^7.28.5",
        "debug": "^4.3.1",
        "globals": "^11.1.0"
      },
      "engines": {
        "node": ">=6.9.0"
      }
    },
    "node_modules/@babel/types": {
      "version": "7.28.5",
      "resolved": "https://registry.npmjs.org/@babel/types/-/types-7.28.5.tgz",
      "integrity": "sha512-0OwbIEJoGp7Yt3+JBsVgxOMqI5Q5715v3MfAG9LroRSrf8QG4svXFfP4y7Df4tp4Z0F+UUoA+4V6WFMjHPkVA==",
      "dev": true,
      "license": "MIT",
      "dependencies": {
        "@babel/helper-string-parser": "^7.28.5",
        "@babel/helper-validator-identifier": "^7.28.5",
        "to-fast-properties": "^2.0.0"
      },
      "engines": {
        "node": ">=6.9.0"
      }
    },
    "node_modules/@jridgewell/gen-mapping": {
      "version": "0.3.5",
      "resolved": "https://registry.npmjs.org/@jridgewell/gen-mapping/-/gen-mapping-0.3.5.tgz",
      "integrity": "sha512-IzL8ZoEDIBRWEzlCcRhOaCJoVfrmpG/mPC5Z/63cl24MxaSoFmhM9vm0FhYPPartnership9U729c88grPD4Qq5omkXg==",
      "dev": true,
      "license": "MIT",
      "dependencies": {
        "@jridgewell/resolve-uri": "^3.1.0",
        "@jridgewell/sourcemap-codec": "^1.4.14"
      },
      "engines": {
        "node": ">=6.0.0"
      }
    },
    "node_modules/react": {
      "version": "18.3.1",
      "resolved": "https://registry.npmjs.org/react/-/react-18.3.1.tgz",
      "integrity": "sha512-wS+hAgJShR0KhEvapLeDZ/ibqH08pDQY0Y2hv5Bsp26X387/+4zCtyDxbJB0NzJcqllOCVMQ36IV1z2vU51ztw==",
      "license": "MIT",
      "dependencies": {
        "loose-envify": "^1.1.0"
      },
      "engines": {
        "node": ">=0.10.0"
      }
    },
    "node_modules/react-dom": {
      "version": "18.3.1",
      "resolved": "https://registry.npmjs.org/react-dom/-/react-dom-18.3.1.tgz",
      "integrity": "sha512-8NgH7Lz/h6VwpkZoMiMonk8lTelXDEnJmRSl7aJrXU+5yda3RnVnUJwT0shwWIHdpAQ+zNVaP4dCkQIcHe1gAw==",
      "license": "MIT",
      "dependencies": {
        "loose-envify": "^1.1.0",
        "scheduler": "^0.23.2"
      },
      "peerDependencies": {
        "react": "^18.3.1"
      },
      "engines": {
        "node": ">=0.10.0"
      }
    },
    "node_modules/@vitejs/plugin-react": {
      "version": "4.3.1",
      "resolved": "https://registry.npmjs.org/@vitejs/plugin-react/-/plugin-react-4.3.1.tgz",
      "integrity": "sha512-m/V2syj5N2nWbLlDNvHWqCRz9ZL4rF7IYkx2w61SRFs1gSTcqKGu6cHlBQQrTn9AIpqC2V59xHg4IEulo3ybbA==",
      "dev": true,
      "license": "MIT",
      "dependencies": {
        "@babel/core": "^7.28.0",
        "@babel/plugin-transform-react-jsx": "^7.28.0",
        "@babel/plugin-transform-react-jsx-self": "^7.27.1",
        "@babel/plugin-transform-react-jsx-source": "^7.27.1",
        "react-refresh": "^0.14.2"
      },
      "engines": {
        "node": "^14.18.0 || >=16.0.0"
      },
      "peerDependencies": {
        "vite": "^4.2.0 || ^5.0.0"
      }
    },
    "node_modules/vite": {
      "version": "5.4.10",
      "resolved": "https://registry.npmjs.org/vite/-/vite-5.4.10.tgz",
      "integrity": "sha512-Ygs+qMvdcXVMBg1bN2iGLx2qwqb3rr/OcvFX+6s5c8LsIQQvDqB7IHG2gstc+7t36+NdsABMZPrGqWHNGkBWrA==",
      "dev": true,
      "license": "MIT",
      "dependencies": {
        "esbuild": "^0.21.3",
        "postcss": "^8.4.43",
        "rollup": "^4.20.0"
      },
      "bin": {
        "vite": "bin/vite.js"
      },
      "engines": {
        "node": "^18.0.0 || >=20.0.0"
      },
      "funding": {
        "url": "https://github.com/vitejs/vite?sponsor=1"
      },
      "optionalDependencies": {
        "fsevents": "^2.3.3",
        "lightningcss": "^1.26.0"
      }
    },
    "node_modules/loose-envify": {
      "version": "1.4.0",
      "resolved": "https://registry.npmjs.org/loose-envify/-/loose-envify-1.4.0.tgz",
      "integrity": "sha512-lyuxPGr/wvjDsrY1tPArTS1yJ7uJqVLkNvqqEF+q5CqLNRybCUeqfzxFS2a0S81UvsLGSded7hfrVHZeIndexQ==",
      "license": "ISC",
      "dependencies": {
        "js-tokens": "^3.0.0 || ^4.0.0"
      },
      "bin": {
        "loose-envify": "cli.js"
      }
    },
    "node_modules/scheduler": {
      "version": "0.23.2",
      "resolved": "https://registry.npmjs.org/scheduler/-/scheduler-0.23.2.tgz",
      "integrity": "sha512-UOShYTstNHm7VcgQ72d0t3saHSgaSInYUCtY6xlWksy1y02d2PgJXbJ0WoUDqkesaplKk+RPG9tryNegCofP3w==",
      "license": "MIT",
      "dependencies": {
        "loose-envify": "^1.1.0"
      }
    },
    "node_modules/esbuild": {
      "version": "0.21.5",
      "resolved": "https://registry.npmjs.org/esbuild/-/esbuild-0.21.5.tgz",
      "integrity": "sha512-mg3OPMV4hXywwpoDxu3Qda5xCKQi+vCTZq8S9J/EpkhB2HzKXq4SNFZE3+NK93JYxc8VMSep+lOUSC/RVKaBqw==",
      "dev": true,
      "hasInstallScript": true,
      "license": "MIT",
      "bin": {
        "esbuild": "bin/esbuild"
      },
      "engines": {
        "node": ">=12"
      },
      "optionalDependencies": {
        "@esbuild/aix-ppc64": "0.21.5",
        "@esbuild/android-arm": "0.21.5",
        "@esbuild/android-arm64": "0.21.5",
        "@esbuild/android-x64": "0.21.5",
        "@esbuild/darwin-arm64": "0.21.5",
        "@esbuild/darwin-x64": "0.21.5",
        "@esbuild/freebsd-arm64": "0.21.5",
        "@esbuild/freebsd-x64": "0.21.5",
        "@esbuild/linux-arm": "0.21.5",
        "@esbuild/linux-arm64": "0.21.5",
        "@esbuild/linux-ia32": "0.21.5",
        "@esbuild/linux-loong64": "0.21.5",
        "@esbuild/linux-mips64el": "0.21.5",
        "@esbuild/linux-ppc64": "0.21.5",
        "@esbuild/linux-riscv64": "0.21.5",
        "@esbuild/linux-s390x": "0.21.5",
        "@esbuild/linux-x64": "0.21.5",
        "@esbuild/netbsd-x64": "0.21.5",
        "@esbuild/openbsd-x64": "0.21.5",
        "@esbuild/sunos-x64": "0.21.5",
        "@esbuild/win32-arm64": "0.21.5",
        "@esbuild/win32-ia32": "0.21.5",
        "@esbuild/win32-x64": "0.21.5"
      }
    },
    "node_modules/postcss": {
      "version": "8.4.43",
      "resolved": "https://registry.npmjs.org/postcss/-/postcss-8.4.43.tgz",
      "integrity": "sha512-lVSduDIUPNLlEy2B1rQokt4DCrNagtBtnI2McihbnVdnvjr50XM1+arbVMPveKksdZN87i5helpers+Eq1mzAwVg==",
      "dev": true,
      "funding": [
        {
          "type": "opencollective",
          "url": "https://opencollective.com/postcss/"
        },
        {
          "type": "tidelift",
          "url": "https://tidelift.com/funding/github/npm/postcss"
        },
        {
          "type": "github",
          "url": "https://github.com/sponsors/ai"
        }
      ],
      "license": "MIT",
      "dependencies": {
        "nanoid": "^3.3.7",
        "picocolors": "^1.1.0",
        "source-map-js": "^1.2.1"
      },
      "engines": {
        "node": "^8.2.0 || ^10 || >=12.0.0"
      }
    },
    "node_modules/rollup": {
      "version": "4.20.0",
      "resolved": "https://registry.npmjs.org/rollup/-/rollup-4.20.0.tgz",
      "integrity": "sha512-DUlbLJbVb0NvnqMpwkv0PgXrKPj0L34n1FGHeKJVfJUaWPZfEu/bUVDjqhvLFUNdU0SxME5f+nz1t9HBnGp/A==",
      "dev": true,
      "license": "MIT",
      "bin": {
        "rollup": "dist/bin/rollup"
      },
      "engines": {
        "node": ">=18.0.0",
        "npm": ">=8.0.0"
      },
      "optionalDependencies": {
        "@rollup/rollup-android-arm-eabi": "4.20.0",
        "@rollup/rollup-android-arm64": "4.20.0",
        "@rollup/rollup-darwin-arm64": "4.20.0",
        "@rollup/rollup-darwin-x64": "4.20.0",
        "@rollup/rollup-freebsd-arm64": "4.20.0",
        "@rollup/rollup-freebsd-x64": "4.20.0",
        "@rollup/rollup-linux-arm-gnueabihf": "4.20.0",
        "@rollup/rollup-linux-arm-musleabihf": "4.20.0",
        "@rollup/rollup-linux-arm64-gnu": "4.20.0",
        "@rollup/rollup-linux-arm64-musl": "4.20.0",
        "@rollup/rollup-linux-loong64-gnu": "4.20.0",
        "@rollup/rollup-linux-loong64-musl": "4.20.0",
        "@rollup/rollup-linux-ppc64-gnu": "4.20.0",
        "@rollup/rollup-linux-ppc64-musl": "4.20.0",
        "@rollup/rollup-linux-riscv64-gnu": "4.20.0",
        "@rollup/rollup-linux-riscv64-musl": "4.20.0",
        "@rollup/rollup-linux-s390x-gnu": "4.20.0",
        "@rollup/rollup-linux-x64-gnu": "4.20.0",
        "@rollup/rollup-linux-x64-musl": "4.20.0",
        "@rollup/rollup-openbsd-x64": "4.20.0",
        "@rollup/rollup-win32-arm64-msvc": "4.20.0",
        "@rollup/rollup-win32-ia32-msvc": "4.20.0",
        "@rollup/rollup-win32-x64-msvc": "4.20.0"
      }
    },
    "node_modules/react-refresh": {
      "version": "0.14.2",
      "resolved": "https://registry.npmjs.org/react-refresh/-/react-refresh-0.14.2.tgz",
      "integrity": "sha512-jCvmsr+1IUSMUyotjzrZhrlwTqXL8/D9qLB+XpNPDfB7AB7VqKYow0GZvqqcon0Y6zJ37yTBMDnsUNMtjsL5g==",
      "dev": true,
      "engines": {
        "node": ">=0.10.0"
      }
    },
    "node_modules/nanoid": {
      "version": "3.3.8",
      "resolved": "https://registry.npmjs.org/nanoid/-/nanoid-3.3.8.tgz",
      "integrity": "sha512-WNLvfVmqI33u8bTvKEsExVREcfyBB0ukjHjNMPdvdpn1WMJe5aBDHg3wTvHEPn3/XKr5Ia/x8+HMDi0yFCOw==",
      "dev": true,
      "engines": {
        "node": "^10 || ^12 || ^13.7 || ^14 || >=15.0.1"
      }
    },
    "node_modules/picocolors": {
      "version": "1.1.1",
      "resolved": "https://registry.npmjs.org/picocolors/-/picocolors-1.1.1.tgz",
      "integrity": "sha512-xceH2snhtMC+0LSoE/ZGlijfnrFnNSzfNUUNnN+qmMKe80LcV2+ড5M3vNJIJ38479UTIEb3zaYP4z5wpconiD==",
      "dev": true
    },
    "node_modules/source-map-js": {
      "version": "1.2.1",
      "resolved": "https://registry.npmjs.org/source-map-js/-/source-map-js-1.2.1.tgz",
      "integrity": "sha512-UXWMKhLOwVKb+pa7IkXvqc/Rwsifp3XVIII+kt7pChv7D7ZeCVqQn6ND6KMZ67QQmNhnQmbusQ534nuwWRTMOVA==",
      "dev": true,
      "engines": {
        "node": ">=0.10.0"
      }
    }
  }
}
